#MicroXplorer Configuration settings - do not modify
Mcu.Family=STM32F4
PC3.Mode=Half_Duplex_Master
Dma.SPI2_RX.0.Instance=DMA1_Stream3
ProjectManager.MainLocation=Core/Src
PD12.GPIO_Label=LD4 [Green Led]
STMicroelectronics.X-CUBE-AI.7.0.0.XAaCUBEAaAICcArtificialOoIntelligenceJjCore=true
USART2.IPParameters=VirtualMode
Dma.SPI2_RX.0.RequestParameters=Instance,Direction,PeriphInc,MemInc,PeriphDataAlignment,MemDataAlignment,Mode,Priority,FIFOMode
RCC.CortexFreq_Value=16000000
ProjectManager.KeepUserCode=true
Mcu.UserName=STM32F407VGTx
PB10.Mode=Half_Duplex_Master
STMicroelectronics.X-CUBE-AI.7.0.0.ModelName-e7d5245a6f2816e7f1fb9a7a7b2cff6dfa8f60d41ea9a833b61783b41e714aba=small_words_model
RCC.PLLCLKFreq_Value=80000000
RCC.PLLQCLKFreq_Value=80000000
STMicroelectronics.X-CUBE-AI.7.0.0.ModelMacc-e7d5245a6f2816e7f1fb9a7a7b2cff6dfa8f60d41ea9a833b61783b41e714aba=550184
ProjectManager.functionlistsort=1-MX_GPIO_Init-GPIO-false-HAL-true,2-MX_DMA_Init-DMA-false-HAL-true,3-SystemClock_Config-RCC-false-HAL-false,4-MX_I2S2_Init-I2S2-false-HAL-true,5-MX_CRC_Init-CRC-false-HAL-true,6-MX_PDM2PCM_Init-PDM2PCM-false-HAL-false,7-MX_USART2_UART_Init-USART2-false-HAL-true
PC3.Locked=true
RCC.RTCFreq_Value=32000
STMicroelectronics.X-CUBE-AI.7.0.0.ValidationInputFileHistory-e7d5245a6f2816e7f1fb9a7a7b2cff6dfa8f60d41ea9a833b61783b41e714aba=
PinOutPanel.RotationAngle=0
ProjectManager.StackSize=0x800
STMicroelectronics.X-CUBE-AI.7.0.0.IPParameters=XAaCUBEAaAICcArtificialOoIntelligenceJjCore,HeapSize,StackSize,ModelName-e7d5245a6f2816e7f1fb9a7a7b2cff6dfa8f60d41ea9a833b61783b41e714aba,ModelKind-e7d5245a6f2816e7f1fb9a7a7b2cff6dfa8f60d41ea9a833b61783b41e714aba,ModelHashList,ModelNameList,WorkingBufferStartAddrList,ModelType-e7d5245a6f2816e7f1fb9a7a7b2cff6dfa8f60d41ea9a833b61783b41e714aba,LatestDirectoryUsed-e7d5245a6f2816e7f1fb9a7a7b2cff6dfa8f60d41ea9a833b61783b41e714aba,ModelStructureFile-e7d5245a6f2816e7f1fb9a7a7b2cff6dfa8f60d41ea9a833b61783b41e714aba,ModelMacc-e7d5245a6f2816e7f1fb9a7a7b2cff6dfa8f60d41ea9a833b61783b41e714aba,ModelActualCompression-e7d5245a6f2816e7f1fb9a7a7b2cff6dfa8f60d41ea9a833b61783b41e714aba,ModelFlashOccupation-e7d5245a6f2816e7f1fb9a7a7b2cff6dfa8f60d41ea9a833b61783b41e714aba,ModelRamOccupation-e7d5245a6f2816e7f1fb9a7a7b2cff6dfa8f60d41ea9a833b61783b41e714aba,ModelCompression-e7d5245a6f2816e7f1fb9a7a7b2cff6dfa8f60d41ea9a833b61783b41e714aba,ValidationInputFileHistory-e7d5245a6f2816e7f1fb9a7a7b2cff6dfa8f60d41ea9a833b61783b41e714aba,ValidationOutputFileHistory-e7d5245a6f2816e7f1fb9a7a7b2cff6dfa8f60d41ea9a833b61783b41e714aba,InternalRamActivationBufferMaxSize,ActivationBufferSizeList,MaximumNumberOfInputLayer,MaximumNumberOfOutputLayer,MaximumSizeOfInputLayer,MaximumSizeOfOutputLayer,ReadyForCodeGeneration
STMicroelectronics.X-CUBE-AI.7.0.0.ActivationBufferSizeList=23456
PD13.Signal=GPIO_Output
Mcu.IP4=PDM2PCM
Mcu.IP5=RCC
PD13.Locked=true
Mcu.IP2=I2S2
NVIC.SVCall_IRQn=true\:0\:0\:false\:false\:true\:false\:false
Mcu.IP3=NVIC
Mcu.IP0=CRC
Mcu.IP1=DMA
Mcu.UserConstants=
PD15.GPIOParameters=GPIO_Label
Mcu.ThirdPartyNb=1
Mcu.IPNb=8
RCC.I2SClocksFreq_Value=61440000
ProjectManager.PreviousToolchain=
RCC.VcooutputI2S=61440000
PC3.Signal=I2S2_SD
Mcu.Pin6=PD13
Mcu.Pin7=PD14
Mcu.Pin8=PD15
STMicroelectronics.X-CUBE-AI.7.0.0.ModelType-e7d5245a6f2816e7f1fb9a7a7b2cff6dfa8f60d41ea9a833b61783b41e714aba=STM32Cube.AI runtime
Mcu.Pin9=VP_CRC_VS_CRC
RCC.AHBFreq_Value=16000000
STMicroelectronics.X-CUBE-AI.7.0.0.MaximumSizeOfOutputLayer=AI_SMALL_WORDS_MODEL_OUT_1_SIZE_BYTES
Mcu.Pin0=PC3
Mcu.Pin1=PA2
Mcu.Pin2=PA3
Mcu.Pin3=PB10
Mcu.Pin4=PB12
Mcu.Pin5=PD12
ProjectManager.ProjectBuild=false
RCC.HSE_VALUE=25000000
NVIC.UsageFault_IRQn=true\:0\:0\:false\:false\:true\:false\:false
NVIC.DebugMonitor_IRQn=true\:0\:0\:false\:false\:true\:false\:false
STMicroelectronics.X-CUBE-AI.7.0.0.MaximumNumberOfOutputLayer=1
NVIC.SysTick_IRQn=true\:0\:0\:false\:false\:true\:false\:true
ProjectManager.FirmwarePackage=STM32Cube FW_F4 V1.26.2
MxDb.Version=DB.6.0.21
Mcu.ThirdParty0=STMicroelectronics.X-CUBE-AI.7.0.0
ProjectManager.BackupPrevious=false
RCC.VCOInputFreq_Value=1600000
STMicroelectronics.X-CUBE-AI.7.0.0.ModelNameList=small_words_model
STMicroelectronics.X-CUBE-AI.7.0.0.HeapSize=0x800
File.Version=6
STMicroelectronics.X-CUBE-AI.7.0.0.StackSize=0x800
Dma.SPI2_RX.0.MemDataAlignment=DMA_MDATAALIGN_HALFWORD
I2S2.IPParameters=Instance,VirtualMode,FullDuplexMode,RealAudioFreq,ErrorAudioFreq,Standard,AudioFreq,DataFormat,Mode
NVIC.PendSV_IRQn=true\:0\:0\:false\:false\:true\:false\:false
I2S2.DataFormat=I2S_DATAFORMAT_16B_EXTENDED
Dma.RequestsNb=1
ProjectManager.HalAssertFull=false
STMicroelectronics.X-CUBE-AI.7.0.0.ModelActualCompression-e7d5245a6f2816e7f1fb9a7a7b2cff6dfa8f60d41ea9a833b61783b41e714aba=0.0
Dma.SPI2_RX.0.MemInc=DMA_MINC_ENABLE
ProjectManager.ProjectName=stm32-speech-recognition-and-traduction
PD13.GPIO_Label=LD3 [Orange Led]
Mcu.Package=LQFP100
VP_STMicroelectronics.X-CUBE-AI_VS_ArtificialOoIntelligenceJjXAaCUBEAaAI_7.0.0.Signal=STMicroelectronics.X-CUBE-AI_VS_ArtificialOoIntelligenceJjXAaCUBEAaAI_7.0.0
PB12.Mode=Half_Duplex_Master
STMicroelectronics.X-CUBE-AI.7.0.0.ModelStructureFile-e7d5245a6f2816e7f1fb9a7a7b2cff6dfa8f60d41ea9a833b61783b41e714aba=/home/federica/Scrivania/Uni/PROS/8-words-model.tflite
USART2.VirtualMode=VM_ASYNC
PD12.Signal=GPIO_Output
ProjectManager.ToolChainLocation=
I2S2.Mode=I2S_MODE_MASTER_RX
PD14.Locked=true
RCC.LSI_VALUE=32000
VP_SYS_VS_Systick.Signal=SYS_VS_Systick
NVIC.BusFault_IRQn=true\:0\:0\:false\:false\:true\:false\:false
Dma.SPI2_RX.0.Direction=DMA_PERIPH_TO_MEMORY
Dma.Request0=SPI2_RX
PDM2PCM.IPParameters=CHANNEL1_in_ptr_channels,CHANNEL1_out_ptr_channels,CHANNEL1_mic_gain
PD15.Signal=GPIO_Output
ProjectManager.CustomerFirmwarePackage=
STMicroelectronics.X-CUBE-AI.7.0.0.ModelHashList=e7d5245a6f2816e7f1fb9a7a7b2cff6dfa8f60d41ea9a833b61783b41e714aba
PA3.Signal=USART2_RX
I2S2.AudioFreq=I2S_AUDIOFREQ_16K
ProjectManager.ProjectFileName=stm32-speech-recognition-and-traduction.ioc
PD15.GPIO_Label=LD6 [Blue Led]
I2S2.Instance=SPI$Index
PDM2PCM.CHANNEL1_in_ptr_channels=1
Mcu.PinsNb=13
STMicroelectronics.X-CUBE-AI.7.0.0.ModelRamOccupation-e7d5245a6f2816e7f1fb9a7a7b2cff6dfa8f60d41ea9a833b61783b41e714aba=23456
STMicroelectronics.X-CUBE-AI.7.0.0.WorkingBufferStartAddrList=0xFFFFFFFF
STMicroelectronics.X-CUBE-AI.7.0.0.MaximumNumberOfInputLayer=1
ProjectManager.NoMain=false
STMicroelectronics.X-CUBE-AI.7.0.0.InternalRamActivationBufferMaxSize=AI_SMALL_WORDS_MODEL_DATA_ACTIVATIONS_SIZE
STMicroelectronics.X-CUBE-AI.7.0.0.ReadyForCodeGeneration=true
Dma.SPI2_RX.0.Mode=DMA_CIRCULAR
PD13.GPIOParameters=GPIO_Label
ProjectManager.DefaultFWLocation=true
ProjectManager.DeletePrevious=true
RCC.FamilyName=M
PD12.Locked=true
PA3.Mode=Asynchronous
Dma.SPI2_RX.0.PeriphDataAlignment=DMA_PDATAALIGN_HALFWORD
PD12.GPIOParameters=GPIO_Label
ProjectManager.TargetToolchain=STM32CubeIDE
VP_CRC_VS_CRC.Signal=CRC_VS_CRC
STMicroelectronics.X-CUBE-AI.7.0.0.LatestDirectoryUsed-e7d5245a6f2816e7f1fb9a7a7b2cff6dfa8f60d41ea9a833b61783b41e714aba=/home/federica/Scrivania/Uni/PROS
I2S2.VirtualMode=I2S_MODE_MASTER
STMicroelectronics.X-CUBE-AI.7.0.0.MaximumSizeOfInputLayer=AI_SMALL_WORDS_MODEL_IN_1_SIZE_BYTES
PDM2PCM.CHANNEL1_mic_gain=24
ProjectManager.RegisterCallBack=
RCC.LSE_VALUE=32768
PB10.Signal=I2S2_CK
PDM2PCM.CHANNEL1_out_ptr_channels=1
RCC.VCOI2SOutputFreq_Value=307200000
board=custom
RCC.VCOOutputFreq_Value=320000000
ProjectManager.LastFirmware=true
STMicroelectronics.X-CUBE-AI.7.0.0_SwParameter=XAaCUBEAaAICcArtificialOoIntelligenceJjCore\:true;
RCC.APB2Freq_Value=16000000
MxCube.Version=6.2.1
VP_PDM2PCM_VS_PDM2PCM.Mode=PDM2PCM_Channel
VP_SYS_VS_Systick.Mode=SysTick
NVIC.NonMaskableInt_IRQn=true\:0\:0\:false\:false\:true\:false\:false
STMicroelectronics.X-CUBE-AI.7.0.0.ArtificialOoIntelligenceJjXAaCUBEAaAI_Checked=true
PD14.GPIO_Label=LD5 [Red Led]
Dma.SPI2_RX.0.FIFOMode=DMA_FIFOMODE_DISABLE
Dma.SPI2_RX.0.Priority=DMA_PRIORITY_HIGH
ProjectManager.FreePins=false
RCC.IPParameters=48MHZClocksFreq_Value,AHBFreq_Value,APB1Freq_Value,APB2Freq_Value,CortexFreq_Value,FamilyName,HSE_VALUE,HSI_VALUE,I2SClocksFreq_Value,LSE_VALUE,LSI_VALUE,PLLCLKFreq_Value,PLLI2SR,PLLM,PLLN,PLLP,PLLQCLKFreq_Value,RTCFreq_Value,RTCHSEDivFreq_Value,SYSCLKFreq_VALUE,VCOI2SOutputFreq_Value,VCOInputFreq_Value,VCOOutputFreq_Value,VcooutputI2S
ProjectManager.AskForMigrate=true
Mcu.Name=STM32F407V(E-G)Tx
RCC.RTCHSEDivFreq_Value=12500000
PA2.Signal=USART2_TX
ProjectManager.UnderRoot=true
I2S2.FullDuplexMode=I2S_FULLDUPLEXMODE_DISABLE
PD14.Signal=GPIO_Output
Mcu.IP6=SYS
Mcu.IP7=USART2
ProjectManager.CoupleFile=false
RCC.48MHZClocksFreq_Value=80000000
PD14.GPIOParameters=GPIO_Label
RCC.SYSCLKFreq_VALUE=16000000
I2S2.ErrorAudioFreq=0.0 %
NVIC.ForceEnableDMAVector=true
KeepUserPlacement=false
VP_PDM2PCM_VS_PDM2PCM.Signal=PDM2PCM_VS_PDM2PCM
Dma.SPI2_RX.0.PeriphInc=DMA_PINC_DISABLE
NVIC.MemoryManagement_IRQn=true\:0\:0\:false\:false\:true\:false\:false
ProjectManager.CompilerOptimize=6
PD15.Locked=true
ProjectManager.HeapSize=0x800
NVIC.HardFault_IRQn=true\:0\:0\:false\:false\:true\:false\:false
VP_STMicroelectronics.X-CUBE-AI_VS_ArtificialOoIntelligenceJjXAaCUBEAaAI_7.0.0.Mode=ArtificialOoIntelligenceJjXAaCUBEAaAI
STMicroelectronics.X-CUBE-AI.7.0.0.ModelFlashOccupation-e7d5245a6f2816e7f1fb9a7a7b2cff6dfa8f60d41ea9a833b61783b41e714aba=101664
ProjectManager.ComputerToolchain=false
RCC.HSI_VALUE=16000000
RCC.PLLP=RCC_PLLP_DIV4
NVIC.PriorityGroup=NVIC_PRIORITYGROUP_4
Mcu.Pin11=VP_SYS_VS_Systick
Mcu.Pin12=VP_STMicroelectronics.X-CUBE-AI_VS_ArtificialOoIntelligenceJjXAaCUBEAaAI_7.0.0
RCC.PLLM=10
RCC.PLLN=200
Mcu.Pin10=VP_PDM2PCM_VS_PDM2PCM
STMicroelectronics.X-CUBE-AI.7.0.0.ModelCompression-e7d5245a6f2816e7f1fb9a7a7b2cff6dfa8f60d41ea9a833b61783b41e714aba=1
PA2.Mode=Asynchronous
NVIC.DMA1_Stream3_IRQn=true\:0\:0\:false\:false\:true\:false\:true
RCC.APB1Freq_Value=16000000
VP_CRC_VS_CRC.Mode=CRC_Activate
RCC.PLLI2SR=5
I2S2.RealAudioFreq=16.0 KHz
I2S2.Standard=I2S_STANDARD_MSB
ProjectManager.DeviceId=STM32F407VGTx
PB12.Signal=I2S2_WS
ProjectManager.LibraryCopy=1
STMicroelectronics.X-CUBE-AI.7.0.0.ValidationOutputFileHistory-e7d5245a6f2816e7f1fb9a7a7b2cff6dfa8f60d41ea9a833b61783b41e714aba=
STMicroelectronics.X-CUBE-AI.7.0.0.ModelKind-e7d5245a6f2816e7f1fb9a7a7b2cff6dfa8f60d41ea9a833b61783b41e714aba=TFLITE
isbadioc=false
