#MicroXplorer Configuration settings - do not modify
Mcu.Family=STM32F4
PC3.Mode=Half_Duplex_Master
Dma.SPI2_RX.0.Instance=DMA1_Stream3
ProjectManager.MainLocation=Core/Src
I2S2.AudioFreq=I2S_AUDIOFREQ_16K
PD12.GPIO_Label=LD4 [Green Led]
ProjectManager.ProjectFileName=SpeechRecognitionAndTraduction.ioc
Dma.SPI2_RX.0.RequestParameters=Instance,Direction,PeriphInc,MemInc,PeriphDataAlignment,MemDataAlignment,Mode,Priority,FIFOMode
RCC.CortexFreq_Value=16000000
PD15.GPIO_Label=LD6 [Blue Led]
I2S2.Instance=SPI$Index
PDM2PCM.CHANNEL1_in_ptr_channels=1
ProjectManager.KeepUserCode=true
Mcu.UserName=STM32F407VGTx
Mcu.PinsNb=10
PB10.Mode=Half_Duplex_Master
ProjectManager.NoMain=false
Dma.SPI2_RX.0.Mode=DMA_CIRCULAR
RCC.PLLCLKFreq_Value=80000000
RCC.PLLQCLKFreq_Value=80000000
ProjectManager.functionlistsort=1-MX_GPIO_Init-GPIO-false-HAL-true,2-MX_DMA_Init-DMA-false-HAL-true,3-SystemClock_Config-RCC-false-HAL-false,4-MX_I2S2_Init-I2S2-false-HAL-true
PD13.GPIOParameters=GPIO_Label
PC3.Locked=true
RCC.RTCFreq_Value=32000
ProjectManager.DefaultFWLocation=true
ProjectManager.DeletePrevious=true
PinOutPanel.RotationAngle=0
RCC.FamilyName=M
ProjectManager.StackSize=0x400
PD12.Locked=true
PD13.Signal=GPIO_Output
Mcu.IP4=PDM2PCM
Mcu.IP5=RCC
PD13.Locked=true
Mcu.IP2=I2S2
NVIC.SVCall_IRQn=true\:0\:0\:false\:false\:true\:false\:false
Mcu.IP3=NVIC
Mcu.IP0=CRC
Mcu.IP1=DMA
Dma.SPI2_RX.0.PeriphDataAlignment=DMA_PDATAALIGN_HALFWORD
Mcu.UserConstants=
PD15.GPIOParameters=GPIO_Label
PD12.GPIOParameters=GPIO_Label
ProjectManager.TargetToolchain=STM32CubeIDE
Mcu.ThirdPartyNb=0
VP_CRC_VS_CRC.Signal=CRC_VS_CRC
Mcu.IPNb=7
RCC.I2SClocksFreq_Value=61440000
ProjectManager.PreviousToolchain=
I2S2.VirtualMode=I2S_MODE_MASTER
RCC.VcooutputI2S=61440000
PDM2PCM.CHANNEL1_mic_gain=24
PC3.Signal=I2S2_SD
Mcu.Pin6=PD15
Mcu.Pin7=VP_CRC_VS_CRC
ProjectManager.RegisterCallBack=
Mcu.Pin8=VP_PDM2PCM_VS_PDM2PCM
Mcu.Pin9=VP_SYS_VS_Systick
RCC.LSE_VALUE=32768
RCC.AHBFreq_Value=16000000
Mcu.Pin0=PC3
Mcu.Pin1=PB10
PB10.Signal=I2S2_CK
Mcu.Pin2=PB12
Mcu.Pin3=PD12
Mcu.Pin4=PD13
PDM2PCM.CHANNEL1_out_ptr_channels=1
RCC.VCOI2SOutputFreq_Value=307200000
Mcu.Pin5=PD14
ProjectManager.ProjectBuild=false
RCC.HSE_VALUE=25000000
NVIC.UsageFault_IRQn=true\:0\:0\:false\:false\:true\:false\:false
NVIC.DebugMonitor_IRQn=true\:0\:0\:false\:false\:true\:false\:false
board=custom
RCC.VCOOutputFreq_Value=320000000
NVIC.SysTick_IRQn=true\:0\:0\:false\:false\:true\:false\:true
ProjectManager.LastFirmware=true
ProjectManager.FirmwarePackage=STM32Cube FW_F4 V1.26.2
MxDb.Version=DB.6.0.21
RCC.APB2Freq_Value=16000000
ProjectManager.BackupPrevious=false
MxCube.Version=6.2.1
RCC.VCOInputFreq_Value=1600000
VP_PDM2PCM_VS_PDM2PCM.Mode=PDM2PCM_Channel
File.Version=6
VP_SYS_VS_Systick.Mode=SysTick
Dma.SPI2_RX.0.MemDataAlignment=DMA_MDATAALIGN_HALFWORD
I2S2.IPParameters=Instance,VirtualMode,FullDuplexMode,RealAudioFreq,ErrorAudioFreq,Standard,AudioFreq,DataFormat,Mode
NVIC.NonMaskableInt_IRQn=true\:0\:0\:false\:false\:true\:false\:false
PD14.GPIO_Label=LD5 [Red Led]
NVIC.PendSV_IRQn=true\:0\:0\:false\:false\:true\:false\:false
Dma.SPI2_RX.0.FIFOMode=DMA_FIFOMODE_DISABLE
I2S2.DataFormat=I2S_DATAFORMAT_16B_EXTENDED
Dma.SPI2_RX.0.Priority=DMA_PRIORITY_HIGH
ProjectManager.FreePins=false
RCC.IPParameters=48MHZClocksFreq_Value,AHBFreq_Value,APB1Freq_Value,APB2Freq_Value,CortexFreq_Value,FamilyName,HSE_VALUE,HSI_VALUE,I2SClocksFreq_Value,LSE_VALUE,LSI_VALUE,PLLCLKFreq_Value,PLLI2SR,PLLM,PLLN,PLLP,PLLQCLKFreq_Value,RTCFreq_Value,RTCHSEDivFreq_Value,SYSCLKFreq_VALUE,VCOI2SOutputFreq_Value,VCOInputFreq_Value,VCOOutputFreq_Value,VcooutputI2S
ProjectManager.AskForMigrate=true
Mcu.Name=STM32F407V(E-G)Tx
Dma.RequestsNb=1
ProjectManager.HalAssertFull=false
Dma.SPI2_RX.0.MemInc=DMA_MINC_ENABLE
RCC.RTCHSEDivFreq_Value=12500000
ProjectManager.ProjectName=SpeechRecognitionAndTraduction
ProjectManager.UnderRoot=true
I2S2.FullDuplexMode=I2S_FULLDUPLEXMODE_DISABLE
PD14.Signal=GPIO_Output
Mcu.IP6=SYS
ProjectManager.CoupleFile=false
RCC.48MHZClocksFreq_Value=80000000
PD14.GPIOParameters=GPIO_Label
RCC.SYSCLKFreq_VALUE=16000000
PD13.GPIO_Label=LD3 [Orange Led]
Mcu.Package=LQFP100
PB12.Mode=Half_Duplex_Master
I2S2.ErrorAudioFreq=0.0 %
NVIC.ForceEnableDMAVector=true
KeepUserPlacement=false
VP_PDM2PCM_VS_PDM2PCM.Signal=PDM2PCM_VS_PDM2PCM
PD12.Signal=GPIO_Output
Dma.SPI2_RX.0.PeriphInc=DMA_PINC_DISABLE
NVIC.MemoryManagement_IRQn=true\:0\:0\:false\:false\:true\:false\:false
ProjectManager.CompilerOptimize=6
ProjectManager.ToolChainLocation=
I2S2.Mode=I2S_MODE_MASTER_RX
PD15.Locked=true
PD14.Locked=true
RCC.LSI_VALUE=32000
VP_SYS_VS_Systick.Signal=SYS_VS_Systick
ProjectManager.HeapSize=0x200
NVIC.HardFault_IRQn=true\:0\:0\:false\:false\:true\:false\:false
ProjectManager.ComputerToolchain=false
RCC.HSI_VALUE=16000000
RCC.PLLP=RCC_PLLP_DIV4
NVIC.PriorityGroup=NVIC_PRIORITYGROUP_4
RCC.PLLM=10
RCC.PLLN=200
NVIC.BusFault_IRQn=true\:0\:0\:false\:false\:true\:false\:false
NVIC.DMA1_Stream3_IRQn=true\:0\:0\:false\:false\:true\:false\:true
Dma.SPI2_RX.0.Direction=DMA_PERIPH_TO_MEMORY
Dma.Request0=SPI2_RX
RCC.APB1Freq_Value=16000000
VP_CRC_VS_CRC.Mode=CRC_Activate
RCC.PLLI2SR=5
I2S2.RealAudioFreq=16.0 KHz
PDM2PCM.IPParameters=CHANNEL1_in_ptr_channels,CHANNEL1_out_ptr_channels,CHANNEL1_mic_gain
I2S2.Standard=I2S_STANDARD_MSB
PD15.Signal=GPIO_Output
ProjectManager.CustomerFirmwarePackage=
ProjectManager.DeviceId=STM32F407VGTx
PB12.Signal=I2S2_WS
ProjectManager.LibraryCopy=1
isbadioc=false
